// !$*UTF8*$!
{
	archiveVersion = 1;
	classes = {
	};
	objectVersion = 46;
	objects = {

/* Begin PBXBuildFile section */
		364BAC991D5401AF009BB136 /* AppDelegate.swift in Sources */ = {isa = PBXBuildFile; fileRef = 364BAC981D5401AF009BB136 /* AppDelegate.swift */; };
		364BAC9B1D5401AF009BB136 /* ViewController.swift in Sources */ = {isa = PBXBuildFile; fileRef = 364BAC9A1D5401AF009BB136 /* ViewController.swift */; };
		364BAC9E1D5401AF009BB136 /* Main.storyboard in Resources */ = {isa = PBXBuildFile; fileRef = 364BAC9C1D5401AF009BB136 /* Main.storyboard */; };
		364BACA01D5401AF009BB136 /* Assets.xcassets in Resources */ = {isa = PBXBuildFile; fileRef = 364BAC9F1D5401AF009BB136 /* Assets.xcassets */; };
		364BACA31D5401AF009BB136 /* LaunchScreen.storyboard in Resources */ = {isa = PBXBuildFile; fileRef = 364BACA11D5401AF009BB136 /* LaunchScreen.storyboard */; };
		364BACAB1D540246009BB136 /* DataModel.swift in Sources */ = {isa = PBXBuildFile; fileRef = 364BACAA1D540246009BB136 /* DataModel.swift */; };
		364BACAD1D54032D009BB136 /* CustomCell.swift in Sources */ = {isa = PBXBuildFile; fileRef = 364BACAC1D54032D009BB136 /* CustomCell.swift */; };
		3EE5EF7A1D5AEF83005C7385 /* Data.json in Resources */ = {isa = PBXBuildFile; fileRef = 3EE5EF791D5AEF83005C7385 /* Data.json */; };
		3EE5EF7C1D5AEFE6005C7385 /* APIManager.swift in Sources */ = {isa = PBXBuildFile; fileRef = 3EE5EF7B1D5AEFE6005C7385 /* APIManager.swift */; };
/* End PBXBuildFile section */

/* Begin PBXFileReference section */
		364BAC951D5401AF009BB136 /* SearchUI.app */ = {isa = PBXFileReference; explicitFileType = wrapper.application; includeInIndex = 0; path = SearchUI.app; sourceTree = BUILT_PRODUCTS_DIR; };
		364BAC981D5401AF009BB136 /* AppDelegate.swift */ = {isa = PBXFileReference; lastKnownFileType = sourcecode.swift; path = AppDelegate.swift; sourceTree = "<group>"; };
		364BAC9A1D5401AF009BB136 /* ViewController.swift */ = {isa = PBXFileReference; lastKnownFileType = sourcecode.swift; path = ViewController.swift; sourceTree = "<group>"; };
		364BAC9D1D5401AF009BB136 /* Base */ = {isa = PBXFileReference; lastKnownFileType = file.storyboard; name = Base; path = Base.lproj/Main.storyboard; sourceTree = "<group>"; };
		364BAC9F1D5401AF009BB136 /* Assets.xcassets */ = {isa = PBXFileReference; lastKnownFileType = folder.assetcatalog; path = Assets.xcassets; sourceTree = "<group>"; };
		364BACA21D5401AF009BB136 /* Base */ = {isa = PBXFileReference; lastKnownFileType = file.storyboard; name = Base; path = Base.lproj/LaunchScreen.storyboard; sourceTree = "<group>"; };
		364BACA41D5401AF009BB136 /* Info.plist */ = {isa = PBXFileReference; lastKnownFileType = text.plist.xml; path = Info.plist; sourceTree = "<group>"; };
		364BACAA1D540246009BB136 /* DataModel.swift */ = {isa = PBXFileReference; fileEncoding = 4; lastKnownFileType = sourcecode.swift; path = DataModel.swift; sourceTree = "<group>"; };
		364BACAC1D54032D009BB136 /* CustomCell.swift */ = {isa = PBXFileReference; fileEncoding = 4; lastKnownFileType = sourcecode.swift; path = CustomCell.swift; sourceTree = "<group>"; };
		3EE5EF791D5AEF83005C7385 /* Data.json */ = {isa = PBXFileReference; fileEncoding = 4; lastKnownFileType = text.json; path = Data.json; sourceTree = "<group>"; };
		3EE5EF7B1D5AEFE6005C7385 /* APIManager.swift */ = {isa = PBXFileReference; fileEncoding = 4; lastKnownFileType = sourcecode.swift; path = APIManager.swift; sourceTree = "<group>"; };
/* End PBXFileReference section */

/* Begin PBXFrameworksBuildPhase section */
		364BAC921D5401AF009BB136 /* Frameworks */ = {
			isa = PBXFrameworksBuildPhase;
			buildActionMask = 2147483647;
			files = (
			);
			runOnlyForDeploymentPostprocessing = 0;
		};
/* End PBXFrameworksBuildPhase section */

/* Begin PBXGroup section */
		362341E91D5C085A00739092 /* API */ = {
			isa = PBXGroup;
			children = (
				3EE5EF7B1D5AEFE6005C7385 /* APIManager.swift */,
			);
			name = API;
			sourceTree = "<group>";
		};
		362341EA1D5C087700739092 /* Model */ = {
			isa = PBXGroup;
			children = (
				364BACAA1D540246009BB136 /* DataModel.swift */,
			);
			name = Model;
			sourceTree = "<group>";
		};
		362341EB1D5C088D00739092 /* VC */ = {
			isa = PBXGroup;
			children = (
				364BAC9A1D5401AF009BB136 /* ViewController.swift */,
				364BACAC1D54032D009BB136 /* CustomCell.swift */,
			);
			name = VC;
			sourceTree = "<group>";
		};
		364BAC8C1D5401AF009BB136 = {
			isa = PBXGroup;
			children = (
				364BAC971D5401AF009BB136 /* SearchUI */,
				364BAC961D5401AF009BB136 /* Products */,
			);
			sourceTree = "<group>";
		};
		364BAC961D5401AF009BB136 /* Products */ = {
			isa = PBXGroup;
			children = (
				364BAC951D5401AF009BB136 /* SearchUI.app */,
			);
			name = Products;
			sourceTree = "<group>";
		};
		364BAC971D5401AF009BB136 /* SearchUI */ = {
			isa = PBXGroup;
			children = (
				364BAC981D5401AF009BB136 /* AppDelegate.swift */,
				362341EB1D5C088D00739092 /* VC */,
				362341E91D5C085A00739092 /* API */,
				362341EA1D5C087700739092 /* Model */,
				3EE5EF791D5AEF83005C7385 /* Data.json */,
				364BAC9C1D5401AF009BB136 /* Main.storyboard */,
				364BAC9F1D5401AF009BB136 /* Assets.xcassets */,
				364BACA11D5401AF009BB136 /* LaunchScreen.storyboard */,
				364BACA41D5401AF009BB136 /* Info.plist */,
			);
			path = SearchUI;
			sourceTree = "<group>";
		};
/* End PBXGroup section */

/* Begin PBXNativeTarget section */
		364BAC941D5401AF009BB136 /* SearchUI */ = {
			isa = PBXNativeTarget;
			buildConfigurationList = 364BACA71D5401AF009BB136 /* Build configuration list for PBXNativeTarget "SearchUI" */;
			buildPhases = (
				364BAC911D5401AF009BB136 /* Sources */,
				364BAC921D5401AF009BB136 /* Frameworks */,
				364BAC931D5401AF009BB136 /* Resources */,
			);
			buildRules = (
			);
			dependencies = (
			);
			name = SearchUI;
			productName = SearchUI;
			productReference = 364BAC951D5401AF009BB136 /* SearchUI.app */;
			productType = "com.apple.product-type.application";
		};
/* End PBXNativeTarget section */

/* Begin PBXProject section */
		364BAC8D1D5401AF009BB136 /* Project object */ = {
			isa = PBXProject;
			attributes = {
				LastSwiftUpdateCheck = 0730;
				LastUpgradeCheck = 0730;
				ORGANIZATIONNAME = Kentarou;
				TargetAttributes = {
					364BAC941D5401AF009BB136 = {
						CreatedOnToolsVersion = 7.3.1;
					};
				};
			};
			buildConfigurationList = 364BAC901D5401AF009BB136 /* Build configuration list for PBXProject "SearchUI" */;
			compatibilityVersion = "Xcode 3.2";
			developmentRegion = English;
			hasScannedForEncodings = 0;
			knownRegions = (
				en,
				Base,
			);
			mainGroup = 364BAC8C1D5401AF009BB136;
			productRefGroup = 364BAC961D5401AF009BB136 /* Products */;
			projectDirPath = "";
			projectRoot = "";
			targets = (
				364BAC941D5401AF009BB136 /* SearchUI */,
			);
		};
/* End PBXProject section */

/* Begin PBXResourcesBuildPhase section */
		364BAC931D5401AF009BB136 /* Resources */ = {
			isa = PBXResourcesBuildPhase;
			buildActionMask = 2147483647;
			files = (
				364BACA31D5401AF009BB136 /* LaunchScreen.storyboard in Resources */,
				364BACA01D5401AF009BB136 /* Assets.xcassets in Resources */,
				364BAC9E1D5401AF009BB136 /* Main.storyboard in Resources */,
				3EE5EF7A1D5AEF83005C7385 /* Data.json in Resources */,
			);
			runOnlyForDeploymentPostprocessing = 0;
		};
/* End PBXResourcesBuildPhase section */

/* Begin PBXSourcesBuildPhase section */
		364BAC911D5401AF009BB136 /* Sources */ = {
			isa = PBXSourcesBuildPhase;
			buildActionMask = 2147483647;
			files = (
				364BAC9B1D5401AF009BB136 /* ViewController.swift in Sources */,
				364BAC991D5401AF009BB136 /* AppDelegate.swift in Sources */,
				3EE5EF7C1D5AEFE6005C7385 /* APIManager.swift in Sources */,
				364BACAD1D54032D009BB136 /* CustomCell.swift in Sources */,
				364BACAB1D540246009BB136 /* DataModel.swift in Sources */,
			);
			runOnlyForDeploymentPostprocessing = 0;
		};
/* End PBXSourcesBuildPhase section */

/* Begin PBXVariantGroup section */
		364BAC9C1D5401AF009BB136 /* Main.storyboard */ = {
			isa = PBXVariantGroup;
			children = (
				364BAC9D1D5401AF009BB136 /* Base */,
			);
			name = Main.storyboard;
			sourceTree = "<group>";
		};
		364BACA11D5401AF009BB136 /* LaunchScreen.storyboard */ = {
			isa = PBXVariantGroup;
			children = (
				364BACA21D5401AF009BB136 /* Base */,
			);
			name = LaunchScreen.storyboard;
			sourceTree = "<group>";
		};
/* End PBXVariantGroup section */

/* Begin XCBuildConfiguration section */
		364BACA51D5401AF009BB136 /* Debug */ = {
			isa = XCBuildConfiguration;
			buildSettings = {
				ALWAYS_SEARCH_USER_PATHS = NO;
				CLANG_ANALYZER_NONNULL = YES;
				CLANG_CXX_LANGUAGE_STANDARD = "gnu++0x";
				CLANG_CXX_LIBRARY = "libc++";
				CLANG_ENABLE_MODULES = YES;
				CLANG_ENABLE_OBJC_ARC = YES;
				CLANG_WARN_BOOL_CONVERSION = YES;
				CLANG_WARN_CONSTANT_CONVERSION = YES;
				CLANG_WARN_DIRECT_OBJC_ISA_USAGE = YES_ERROR;
				CLANG_WARN_EMPTY_BODY = YES;
				CLANG_WARN_ENUM_CONVERSION = YES;
				CLANG_WARN_INT_CONVERSION = YES;
				CLANG_WARN_OBJC_ROOT_CLASS = YES_ERROR;
				CLANG_WARN_UNREACHABLE_CODE = YES;
				CLANG_WARN__DUPLICATE_METHOD_MATCH = YES;
				"CODE_SIGN_IDENTITY[sdk=iphoneos*]" = "iPhone Developer";
				COPY_PHASE_STRIP = NO;
				DEBUG_INFORMATION_FORMAT = dwarf;
				ENABLE_STRICT_OBJC_MSGSEND = YES;
				ENABLE_TESTABILITY = YES;
				GCC_C_LANGUAGE_STANDARD = gnu99;
				GCC_DYNAMIC_NO_PIC = NO;
				GCC_NO_COMMON_BLOCKS = YES;
				GCC_OPTIMIZATION_LEVEL = 0;
				GCC_PREPROCESSOR_DEFINITIONS = (
					"DEBUG=1",
					"$(inherited)",
				);
				GCC_WARN_64_TO_32_BIT_CONVERSION = YES;
				GCC_WARN_ABOUT_RETURN_TYPE = YES_ERROR;
				GCC_WARN_UNDECLARED_SELECTOR = YES;
				GCC_WARN_UNINITIALIZED_AUTOS = YES_AGGRESSIVE;
				GCC_WARN_UNUSED_FUNCTION = YES;
				GCC_WARN_UNUSED_VARIABLE = YES;
				IPHONEOS_DEPLOYMENT_TARGET = 9.3;
				MTL_ENABLE_DEBUG_INFO = YES;
				ONLY_ACTIVE_ARCH = YES;
				SDKROOT = iphoneos;
				SWIFT_OPTIMIZATION_LEVEL = "-Onone";
			};
			name = Debug;
		};
		364BACA61D5401AF009BB136 /* Release */ = {
			isa = XCBuildConfiguration;
			buildSettings = {
				ALWAYS_SEARCH_USER_PATHS = NO;
				CLANG_ANALYZER_NONNULL = YES;
				CLANG_CXX_LANGUAGE_STANDARD = "gnu++0x";
				CLANG_CXX_LIBRARY = "libc++";
				CLANG_ENABLE_MODULES = YES;
				CLANG_ENABLE_OBJC_ARC = YES;
				CLANG_WARN_BOOL_CONVERSION = YES;
				CLANG_WARN_CONSTANT_CONVERSION = YES;
				CLANG_WARN_DIRECT_OBJC_ISA_USAGE = YES_ERROR;
				CLANG_WARN_EMPTY_BODY = YES;
				CLANG_WARN_ENUM_CONVERSION = YES;
				CLANG_WARN_INT_CONVERSION = YES;
				CLANG_WARN_OBJC_ROOT_CLASS = YES_ERROR;
				CLANG_WARN_UNREACHABLE_CODE = YES;
				CLANG_WARN__DUPLICATE_METHOD_MATCH = YES;
				"CODE_SIGN_IDENTITY[sdk=iphoneos*]" = "iPhone Developer";
				COPY_PHASE_STRIP = NO;
				DEBUG_INFORMATION_FORMAT = "dwarf-with-dsym";
				ENABLE_NS_ASSERTIONS = NO;
				ENABLE_STRICT_OBJC_MSGSEND = YES;
				GCC_C_LANGUAGE_STANDARD = gnu99;
				GCC_NO_COMMON_BLOCKS = YES;
				GCC_WARN_64_TO_32_BIT_CONVERSION = YES;
				GCC_WARN_ABOUT_RETURN_TYPE = YES_ERROR;
				GCC_WARN_UNDECLARED_SELECTOR = YES;
				GCC_WARN_UNINITIALIZED_AUTOS = YES_AGGRESSIVE;
				GCC_WARN_UNUSED_FUNCTION = YES;
				GCC_WARN_UNUSED_VARIABLE = YES;
				IPHONEOS_DEPLOYMENT_TARGET = 9.3;
				MTL_ENABLE_DEBUG_INFO = NO;
				SDKROOT = iphoneos;
				VALIDATE_PRODUCT = YES;
			};
			name = Release;
		};
		364BACA81D5401AF009BB136 /* Debug */ = {
			isa = XCBuildConfiguration;
			buildSettings = {
				ASSETCATALOG_COMPILER_APPICON_NAME = AppIcon;
				INFOPLIST_FILE = SearchUI/Info.plist;
				IPHONEOS_DEPLOYMENT_TARGET = 8.0;
				LD_RUNPATH_SEARCH_PATHS = "$(inherited) @executable_path/Frameworks";
				PRODUCT_BUNDLE_IDENTIFIER = me.kentarou.SearchUI;
				PRODUCT_NAME = "$(TARGET_NAME)";
			};
			name = Debug;
		};
		364BACA91D5401AF009BB136 /* Release */ = {
			isa = XCBuildConfiguration;
			buildSettings = {
				ASSETCATALOG_COMPILER_APPICON_NAME = AppIcon;
				INFOPLIST_FILE = SearchUI/Info.plist;
				IPHONEOS_DEPLOYMENT_TARGET = 8.0;
				LD_RUNPATH_SEARCH_PATHS = "$(inherited) @executable_path/Frameworks";
				PRODUCT_BUNDLE_IDENTIFIER = me.kentarou.SearchUI;
				PRODUCT_NAME = "$(TARGET_NAME)";
			};
			name = Release;
		};
/* End XCBuildConfiguration section */

/* Begin XCConfigurationList section */
		364BAC901D5401AF009BB136 /* Build configuration list for PBXProject "SearchUI" */ = {
			isa = XCConfigurationList;
			buildConfigurations = (
				364BACA51D5401AF009BB136 /* Debug */,
				364BACA61D5401AF009BB136 /* Release */,
			);
			defaultConfigurationIsVisible = 0;
			defaultConfigurationName = Release;
		};
		364BACA71D5401AF009BB136 /* Build configuration list for PBXNativeTarget "SearchUI" */ = {
			isa = XCConfigurationList;
			buildConfigurations = (
				364BACA81D5401AF009BB136 /* Debug */,
				364BACA91D5401AF009BB136 /* Release */,
			);
			defaultConfigurationIsVisible = 0;
			defaultConfigurationName = Release;
		};
/* End XCConfigurationList section */
	};
	rootObject = 364BAC8D1D5401AF009BB136 /* Project object */;
}
